
Microsoft Visual Studio Solution File, Format Version 10.00
# Visual Studio 2008
Project("{FAE04EC0-301F-11D3-BF4B-00C04F79EFBC}") = "Visual C# with Mysql", "C# with MySql1\C# with Mysql1.csproj", "{070C7814-A5D9-4608-9AAE-54DF5DAB4BFF}"
EndProject
Global
	GlobalSection(SolutionConfigurationPlatforms) = preSolution
		Debug|Any CPU = Debug|Any CPU
		Release|Any CPU = Release|Any CPU
	EndGlobalSection
	GlobalSection(ProjectConfigurationPlatforms) = postSolution
		{070C7814-A5D9-4608-9AAE-54DF5DAB4BFF}.Debug|Any CPU.ActiveCfg = Debug|Any CPU
		{070C7814-A5D9-4608-9AAE-54DF5DAB4BFF}.Debug|Any CPU.Build.0 = Debug|Any CPU
		{070C7814-A5D9-4608-9AAE-54DF5DAB4BFF}.Release|Any CPU.ActiveCfg = Release|Any CPU
		{070C7814-A5D9-4608-9AAE-54DF5DAB4BFF}.Release|Any CPU.Build.0 = Release|Any CPU
	EndGlobalSection
	GlobalSection(SolutionProperties) = preSolution
		HideSolutionNode = FALSE
	EndGlobalSection
EndGlobal
